
Microsoft Visual Studio Solution File, Format Version 12.00
# Visual Studio Version 17
VisualStudioVersion = 17.13.35818.85 d17.13
MinimumVisualStudioVersion = 10.0.40219.1
Project("{FAE04EC0-301F-11D3-BF4B-00C04F79EFBC}") = "WpfApp1", "WpfApp1\WpfApp1.csproj", "{3C72271A-E66E-4D2D-8122-5FBAC3CF6465}"
EndProject
Global
	GlobalSection(SolutionConfigurationPlatforms) = preSolution
		Debug|Any CPU = Debug|Any CPU
		Release|Any CPU = Release|Any CPU
	EndGlobalSection
	GlobalSection(ProjectConfigurationPlatforms) = postSolution
		{3C72271A-E66E-4D2D-8122-5FBAC3CF6465}.Debug|Any CPU.ActiveCfg = Debug|Any CPU
		{3C72271A-E66E-4D2D-8122-5FBAC3CF6465}.Debug|Any CPU.Build.0 = Debug|Any CPU
		{3C72271A-E66E-4D2D-8122-5FBAC3CF6465}.Release|Any CPU.ActiveCfg = Release|Any CPU
		{3C72271A-E66E-4D2D-8122-5FBAC3CF6465}.Release|Any CPU.Build.0 = Release|Any CPU
	EndGlobalSection
	GlobalSection(SolutionProperties) = preSolution
		HideSolutionNode = FALSE
	EndGlobalSection
	GlobalSection(ExtensibilityGlobals) = postSolution
		SolutionGuid = {95E55502-8DE4-427D-B99B-D0C728329294}
	EndGlobalSection
EndGlobal
